
Microsoft Visual Studio Solution File, Format Version 12.00
# Visual Studio Version 16
VisualStudioVersion = 16.0.31424.327
MinimumVisualStudioVersion = 10.0.40219.1
Project("{FAE04EC0-301F-11D3-BF4B-00C04F79EFBC}") = "Upcourse.Test", "Upcourse.Test\Upcourse.Test.csproj", "{F55C21C5-3C27-4262-97A8-F7BDE51064BB}"
EndProject
Project("{FAE04EC0-301F-11D3-BF4B-00C04F79EFBC}") = "UpCourse.API", "UpCourse.API\UpCourse.API.csproj", "{3C8AA99E-42CF-47E3-ACC0-5677FD055040}"
EndProject
Global
	GlobalSection(SolutionConfigurationPlatforms) = preSolution
		Debug|Any CPU = Debug|Any CPU
		Release|Any CPU = Release|Any CPU
	EndGlobalSection
	GlobalSection(ProjectConfigurationPlatforms) = postSolution
		{F55C21C5-3C27-4262-97A8-F7BDE51064BB}.Debug|Any CPU.ActiveCfg = Debug|Any CPU
		{F55C21C5-3C27-4262-97A8-F7BDE51064BB}.Debug|Any CPU.Build.0 = Debug|Any CPU
		{F55C21C5-3C27-4262-97A8-F7BDE51064BB}.Release|Any CPU.ActiveCfg = Release|Any CPU
		{F55C21C5-3C27-4262-97A8-F7BDE51064BB}.Release|Any CPU.Build.0 = Release|Any CPU
		{3C8AA99E-42CF-47E3-ACC0-5677FD055040}.Debug|Any CPU.ActiveCfg = Debug|Any CPU
		{3C8AA99E-42CF-47E3-ACC0-5677FD055040}.Debug|Any CPU.Build.0 = Debug|Any CPU
		{3C8AA99E-42CF-47E3-ACC0-5677FD055040}.Release|Any CPU.ActiveCfg = Release|Any CPU
		{3C8AA99E-42CF-47E3-ACC0-5677FD055040}.Release|Any CPU.Build.0 = Release|Any CPU
	EndGlobalSection
	GlobalSection(SolutionProperties) = preSolution
		HideSolutionNode = FALSE
	EndGlobalSection
	GlobalSection(ExtensibilityGlobals) = postSolution
		SolutionGuid = {62CBCCD0-69EE-4EA0-84F2-FB04765EA3F9}
	EndGlobalSection
EndGlobal
